{
  "version": "5",
  "specifiers": {
    "jsr:@std/assert@1": "1.0.19",
    "jsr:@std/async@1": "1.3.0",
    "jsr:@std/bytes@^1.0.6": "1.0.6",
    "jsr:@std/crypto@^1.1.0": "1.1.0",
    "jsr:@std/data-structures@^1.0.11": "1.0.11",
    "jsr:@std/encoding@1": "1.0.10",
    "jsr:@std/fs@1": "1.0.23",
    "jsr:@std/internal@^1.0.12": "1.0.13",
    "jsr:@std/io@0.225": "0.225.3",
    "jsr:@std/path@1": "1.1.4",
    "jsr:@std/path@^1.1.4": "1.1.4",
    "jsr:@std/uuid@1": "1.1.1",
    "jsr:@std/yaml@1": "1.1.0",
    "npm:@ai-sdk-tool/eval@1": "1.1.0",
    "npm:@ai-sdk/anthropic@2": "2.0.79_zod@4.4.3",
    "npm:@ai-sdk/openai@2": "2.0.106_zod@4.4.3",
    "npm:@ai-sdk/provider@2": "2.0.3",
    "npm:ai@5": "5.0.183_zod@4.4.3",
    "npm:typescript@5": "5.9.3",
    "npm:zod@4": "4.4.3"
  },
  "jsr": {
    "@std/assert@1.0.19": {
      "integrity": "eaada96ee120cb980bc47e040f82814d786fe8162ecc53c91d8df60b8755991e",
      "dependencies": [
        "jsr:@std/internal"
      ]
    },
    "@std/async@1.3.0": {
      "integrity": "80485538a4f7baaa46bfe2246168069e02ed142b9f9079cd164f43bb060ad9e9",
      "dependencies": [
        "jsr:@std/data-structures"
      ]
    },
    "@std/bytes@1.0.6": {
      "integrity": "f6ac6adbd8ccd99314045f5703e23af0a68d7f7e58364b47d2c7f408aeb5820a"
    },
    "@std/crypto@1.1.0": {
      "integrity": "b8d6d0a6377a32b213af2661ed7bf1062d94feac0c57def5526a8e74a95c3ec8"
    },
    "@std/data-structures@1.0.11": {
      "integrity": "53b98ed7efa61f107dfc14244bd2ec5557f7f7ee0bbaef6d449d7937facacb89"
    },
    "@std/encoding@1.0.10": {
      "integrity": "8783c6384a2d13abd5e9e87a7ae0520a30e9f56aeeaa3bdf910a3eaaf5c811a1"
    },
    "@std/fs@1.0.23": {
      "integrity": "3ecbae4ce4fee03b180fa710caff36bb5adb66631c46a6460aaad49515565a37",
      "dependencies": [
        "jsr:@std/internal",
        "jsr:@std/path@^1.1.4"
      ]
    },
    "@std/internal@1.0.13": {
      "integrity": "2f9546691d4ac2d32859c82dff284aaeac980ddeca38430d07941e7e288725c0"
    },
    "@std/io@0.225.3": {
      "integrity": "27b07b591384d12d7b568f39e61dff966b8230559122df1e9fd11cc068f7ddd1",
      "dependencies": [
        "jsr:@std/bytes"
      ]
    },
    "@std/path@1.1.4": {
      "integrity": "1d2d43f39efb1b42f0b1882a25486647cb851481862dc7313390b2bb044314b5",
      "dependencies": [
        "jsr:@std/internal"
      ]
    },
    "@std/uuid@1.1.1": {
      "integrity": "7b49060282d90f72fec64952f8c7a2914cbe6fdba3eca665f8cedc90830154a7",
      "dependencies": [
        "jsr:@std/bytes",
        "jsr:@std/crypto"
      ]
    },
    "@std/yaml@1.1.0": {
      "integrity": "fc1c5c63e05c4c5eb6118355f557958035d41940d6c29d35b306ef7155d6edb0"
    }
  },
  "npm": {
    "@ai-sdk-tool/eval@1.1.0": {
      "integrity": "sha512-UoTCJH0PMHrN/u6nQXZ6Tp0nBh5wwqwNPLreaLJm1f3tfAD/hr7FBHvhcXo2XpMAL9I7KHAqeIWAFLROllrGhg==",
      "dependencies": [
        "@ai-sdk-tool/middleware",
        "@ai-sdk/provider@3.0.1",
        "ai@6.0.6_zod@4.4.3",
        "ajv",
        "decimal.js",
        "zod"
      ]
    },
    "@ai-sdk-tool/middleware@0.0.2": {
      "integrity": "sha512-YvawQVvCeaVM4+pvhfFNN2eKcyE0GAxO8F4eoqszKKeDEPM1ksE5RKKHiwBuX7HDYBvL8k1SFaDxOAfH7wmzug==",
      "dependencies": [
        "@ai-sdk/provider@3.0.1"
      ]
    },
    "@ai-sdk/anthropic@2.0.79_zod@4.4.3": {
      "integrity": "sha512-K0U09FPDO1kmLPjRLXFcNSvmnKHJBMARCb8r3Ulw7wU6/+Zh9djWcFDiPPNsklg6yAezcdLTcYPszgWJJ6iOTA==",
      "dependencies": [
        "@ai-sdk/provider@2.0.3",
        "@ai-sdk/provider-utils@3.0.25_zod@4.4.3",
        "zod"
      ]
    },
    "@ai-sdk/gateway@2.0.86_zod@4.4.3": {
      "integrity": "sha512-pP9F5G7C5sqZtAwquFB+g50lVS/s4Wf/ll2WSm0ODk0Iix27trVgBDpFK5CBletcQXSDlAvSQQi25nBodYLt3g==",
      "dependencies": [
        "@ai-sdk/provider@2.0.3",
        "@ai-sdk/provider-utils@3.0.25_zod@4.4.3",
        "@vercel/oidc@3.1.0",
        "zod"
      ]
    },
    "@ai-sdk/gateway@3.0.5_zod@4.4.3": {
      "integrity": "sha512-AtxA1wcoKTHr9uFoC5KZEXqJP4SMW4j3VbcliUECUYssbWbePJ9+b3AaCny1lxf1xhDK9EIyAgBOKhXoQSr9nA==",
      "dependencies": [
        "@ai-sdk/provider@3.0.1",
        "@ai-sdk/provider-utils@4.0.2_zod@4.4.3",
        "@vercel/oidc@3.0.5",
        "zod"
      ]
    },
    "@ai-sdk/openai@2.0.106_zod@4.4.3": {
      "integrity": "sha512-EFC0rpo1wfe4HIz5KZCE72edP2J7fOeR7wPXzjCDljaTRB1wectKDIKRLowpU4F0mbcJ+XScAsoYNPK/Z20aVQ==",
      "dependencies": [
        "@ai-sdk/provider@2.0.3",
        "@ai-sdk/provider-utils@3.0.25_zod@4.4.3",
        "zod"
      ]
    },
    "@ai-sdk/provider-utils@3.0.25_zod@4.4.3": {
      "integrity": "sha512-CvsRu+32Y8a167s+lrIBtsybvgTHp8j9y+6BeTvLeoW3Q+okw/b4CnNUFOLIXsRaKHQKAH+IHNJPYWywfpw0LA==",
      "dependencies": [
        "@ai-sdk/provider@2.0.3",
        "@standard-schema/spec",
        "eventsource-parser",
        "zod"
      ]
    },
    "@ai-sdk/provider-utils@4.0.2_zod@4.4.3": {
      "integrity": "sha512-KaykkuRBdF/ffpI5bwpL4aSCmO/99p8/ci+VeHwJO8tmvXtiVAb99QeyvvvXmL61e9Zrvv4GBGoajW19xdjkVQ==",
      "dependencies": [
        "@ai-sdk/provider@3.0.1",
        "@standard-schema/spec",
        "eventsource-parser",
        "zod"
      ]
    },
    "@ai-sdk/provider@2.0.3": {
      "integrity": "sha512-h88OPkavHTiN9tMn2l5awAznGB0lXzjcLhgR1/rvjB2zlLprsNxbM2tt6OJsHUxduLC3klq0/eqaSf6fX5XVww==",
      "dependencies": [
        "json-schema"
      ]
    },
    "@ai-sdk/provider@3.0.1": {
      "integrity": "sha512-2lR4w7mr9XrydzxBSjir4N6YMGdXD+Np1Sh0RXABh7tWdNFFwIeRI1Q+SaYZMbfL8Pg8RRLcrxQm51yxTLhokg==",
      "dependencies": [
        "json-schema"
      ]
    },
    "@opentelemetry/api@1.9.0": {
      "integrity": "sha512-3giAOQvZiH5F9bMlMiv8+GSPMeqg0dbaeo58/0SlA9sxSqZhnUtxzX9/2FzyhS9sWQf5S0GJE0AKBrFqjpeYcg=="
    },
    "@standard-schema/spec@1.1.0": {
      "integrity": "sha512-l2aFy5jALhniG5HgqrD6jXLi/rUWrKvqN/qJx6yoJsgKhblVd+iqqU4RCXavm/jPityDo5TCvKMnpjKnOriy0w=="
    },
    "@vercel/oidc@3.0.5": {
      "integrity": "sha512-fnYhv671l+eTTp48gB4zEsTW/YtRgRPnkI2nT7x6qw5rkI1Lq2hTmQIpHPgyThI0znLK+vX2n9XxKdXZ7BUbbw=="
    },
    "@vercel/oidc@3.1.0": {
      "integrity": "sha512-Fw28YZpRnA3cAHHDlkt7xQHiJ0fcL+NRcIqsocZQUSmbzeIKRpwttJjik5ZGanXP+vlA4SbTg+AbA3bP363l+w=="
    },
    "ai@5.0.183_zod@4.4.3": {
      "integrity": "sha512-lmLFkxJ2epeUXi6QXi/9VYs1HF61vikpP8vGnGd3Erdh/syUyfZ/DC1to2AoNwytBNpICN3OGbTpwc7jfPewgg==",
      "dependencies": [
        "@ai-sdk/gateway@2.0.86_zod@4.4.3",
        "@ai-sdk/provider@2.0.3",
        "@ai-sdk/provider-utils@3.0.25_zod@4.4.3",
        "@opentelemetry/api",
        "zod"
      ]
    },
    "ai@6.0.6_zod@4.4.3": {
      "integrity": "sha512-LM0eAMWVn3RTj+0X5O1m/8g+7QiTeWG5aN5FsDbdmCkAQHVg93XxLbljFOLzi0NMjuJgf7fKLKmWoPsrdMyqfw==",
      "dependencies": [
        "@ai-sdk/gateway@3.0.5_zod@4.4.3",
        "@ai-sdk/provider@3.0.1",
        "@ai-sdk/provider-utils@4.0.2_zod@4.4.3",
        "@opentelemetry/api",
        "zod"
      ]
    },
    "ajv@8.20.0": {
      "integrity": "sha512-Thbli+OlOj+iMPYFBVBfJ3OmCAnaSyNn4M1vz9T6Gka5Jt9ba/HIR56joy65tY6kx/FCF5VXNB819Y7/GUrBGA==",
      "dependencies": [
        "fast-deep-equal",
        "fast-uri",
        "json-schema-traverse",
        "require-from-string"
      ]
    },
    "decimal.js@10.6.0": {
      "integrity": "sha512-YpgQiITW3JXGntzdUmyUR1V812Hn8T1YVXhCu+wO3OpS4eU9l4YdD3qjyiKdV6mvV29zapkMeD390UVEf2lkUg=="
    },
    "eventsource-parser@3.0.8": {
      "integrity": "sha512-70QWGkr4snxr0OXLRWsFLeRBIRPuQOvt4s8QYjmUlmlkyTZkRqS7EDVRZtzU3TiyDbXSzaOeF0XUKy8PchzukQ=="
    },
    "fast-deep-equal@3.1.3": {
      "integrity": "sha512-f3qQ9oQy9j2AhBe/H9VC91wLmKBCCU/gDOnKNAYG5hswO7BLKj09Hc5HYNz9cGI++xlpDCIgDaitVs03ATR84Q=="
    },
    "fast-uri@3.1.1": {
      "integrity": "sha512-h2r7rcm6Ee/J8o0LD5djLuFVcfbZxhvho4vvsbeV0aMvXjUgqv4YpxpkEx0d68l6+IleVfLAdVEfhR7QNMkGHQ=="
    },
    "json-schema-traverse@1.0.0": {
      "integrity": "sha512-NM8/P9n3XjXhIZn1lLhkFaACTOURQXjWhV4BA/RnOv8xvgqtqpAX9IO4mRQxSx1Rlo4tqzeqb0sOlruaOy3dug=="
    },
    "json-schema@0.4.0": {
      "integrity": "sha512-es94M3nTIfsEPisRafak+HDLfHXnKBhV3vU5eqPcS3flIWqcxJWgXHXiey3YrpaNsanY5ei1VoYEbOzijuq9BA=="
    },
    "require-from-string@2.0.2": {
      "integrity": "sha512-Xf0nWe6RseziFMu+Ap9biiUbmplq6S9/p+7w7YXP/JBHhrUDDUhwa+vANyubuqfZWTveU//DYVGsDG7RKL/vEw=="
    },
    "typescript@5.9.3": {
      "integrity": "sha512-jl1vZzPDinLr9eUt3J/t7V6FgNEw9QjvBPdysz9KfQDD41fQrC2Y4vKQdiaUpFT4bXlb1RHhLpp8wtm6M5TgSw==",
      "bin": true
    },
    "zod@4.4.3": {
      "integrity": "sha512-ytENFjIJFl2UwYglde2jchW2Hwm4GJFLDiSXWdTrJQBIN9Fcyp7n4DhxJEiWNAJMV1/BqWfW/kkg71UDcHJyTQ=="
    }
  },
  "workspace": {
    "dependencies": [
      "jsr:@std/assert@1",
      "jsr:@std/async@1",
      "jsr:@std/encoding@1",
      "jsr:@std/fs@1",
      "jsr:@std/io@0.225",
      "jsr:@std/path@1",
      "jsr:@std/uuid@1",
      "jsr:@std/yaml@1",
      "npm:@ai-sdk/provider@2",
      "npm:ai@5",
      "npm:typescript@5",
      "npm:zod@4"
    ]
  }
}
