{
  "version": "5",
  "specifiers": {
    "jsr:@std/assert@1": "1.0.19",
    "jsr:@std/fs@1": "1.0.23",
    "jsr:@std/internal@^1.0.12": "1.0.13",
    "jsr:@std/path@1": "1.1.4",
    "jsr:@std/path@^1.1.4": "1.1.4",
    "npm:@ai-sdk/openai@2": "2.0.106_zod@4.4.3",
    "npm:@ai-sdk/provider@2": "2.0.3",
    "npm:ai@5": "5.0.183_zod@4.4.3",
    "npm:typescript@5": "5.9.3",
    "npm:zod@4": "4.4.3"
  },
  "jsr": {
    "@std/assert@1.0.19": {
      "integrity": "eaada96ee120cb980bc47e040f82814d786fe8162ecc53c91d8df60b8755991e",
      "dependencies": [
        "jsr:@std/internal"
      ]
    },
    "@std/fs@1.0.23": {
      "integrity": "3ecbae4ce4fee03b180fa710caff36bb5adb66631c46a6460aaad49515565a37",
      "dependencies": [
        "jsr:@std/internal",
        "jsr:@std/path@^1.1.4"
      ]
    },
    "@std/internal@1.0.13": {
      "integrity": "2f9546691d4ac2d32859c82dff284aaeac980ddeca38430d07941e7e288725c0"
    },
    "@std/path@1.1.4": {
      "integrity": "1d2d43f39efb1b42f0b1882a25486647cb851481862dc7313390b2bb044314b5",
      "dependencies": [
        "jsr:@std/internal"
      ]
    }
  },
  "npm": {
    "@ai-sdk/gateway@2.0.86_zod@4.4.3": {
      "integrity": "sha512-pP9F5G7C5sqZtAwquFB+g50lVS/s4Wf/ll2WSm0ODk0Iix27trVgBDpFK5CBletcQXSDlAvSQQi25nBodYLt3g==",
      "dependencies": [
        "@ai-sdk/provider",
        "@ai-sdk/provider-utils",
        "@vercel/oidc",
        "zod"
      ]
    },
    "@ai-sdk/openai@2.0.106_zod@4.4.3": {
      "integrity": "sha512-EFC0rpo1wfe4HIz5KZCE72edP2J7fOeR7wPXzjCDljaTRB1wectKDIKRLowpU4F0mbcJ+XScAsoYNPK/Z20aVQ==",
      "dependencies": [
        "@ai-sdk/provider",
        "@ai-sdk/provider-utils",
        "zod"
      ]
    },
    "@ai-sdk/provider-utils@3.0.25_zod@4.4.3": {
      "integrity": "sha512-CvsRu+32Y8a167s+lrIBtsybvgTHp8j9y+6BeTvLeoW3Q+okw/b4CnNUFOLIXsRaKHQKAH+IHNJPYWywfpw0LA==",
      "dependencies": [
        "@ai-sdk/provider",
        "@standard-schema/spec",
        "eventsource-parser",
        "zod"
      ]
    },
    "@ai-sdk/provider@2.0.3": {
      "integrity": "sha512-h88OPkavHTiN9tMn2l5awAznGB0lXzjcLhgR1/rvjB2zlLprsNxbM2tt6OJsHUxduLC3klq0/eqaSf6fX5XVww==",
      "dependencies": [
        "json-schema"
      ]
    },
    "@opentelemetry/api@1.9.0": {
      "integrity": "sha512-3giAOQvZiH5F9bMlMiv8+GSPMeqg0dbaeo58/0SlA9sxSqZhnUtxzX9/2FzyhS9sWQf5S0GJE0AKBrFqjpeYcg=="
    },
    "@standard-schema/spec@1.1.0": {
      "integrity": "sha512-l2aFy5jALhniG5HgqrD6jXLi/rUWrKvqN/qJx6yoJsgKhblVd+iqqU4RCXavm/jPityDo5TCvKMnpjKnOriy0w=="
    },
    "@vercel/oidc@3.1.0": {
      "integrity": "sha512-Fw28YZpRnA3cAHHDlkt7xQHiJ0fcL+NRcIqsocZQUSmbzeIKRpwttJjik5ZGanXP+vlA4SbTg+AbA3bP363l+w=="
    },
    "ai@5.0.183_zod@4.4.3": {
      "integrity": "sha512-lmLFkxJ2epeUXi6QXi/9VYs1HF61vikpP8vGnGd3Erdh/syUyfZ/DC1to2AoNwytBNpICN3OGbTpwc7jfPewgg==",
      "dependencies": [
        "@ai-sdk/gateway",
        "@ai-sdk/provider",
        "@ai-sdk/provider-utils",
        "@opentelemetry/api",
        "zod"
      ]
    },
    "eventsource-parser@3.0.8": {
      "integrity": "sha512-70QWGkr4snxr0OXLRWsFLeRBIRPuQOvt4s8QYjmUlmlkyTZkRqS7EDVRZtzU3TiyDbXSzaOeF0XUKy8PchzukQ=="
    },
    "json-schema@0.4.0": {
      "integrity": "sha512-es94M3nTIfsEPisRafak+HDLfHXnKBhV3vU5eqPcS3flIWqcxJWgXHXiey3YrpaNsanY5ei1VoYEbOzijuq9BA=="
    },
    "typescript@5.9.3": {
      "integrity": "sha512-jl1vZzPDinLr9eUt3J/t7V6FgNEw9QjvBPdysz9KfQDD41fQrC2Y4vKQdiaUpFT4bXlb1RHhLpp8wtm6M5TgSw==",
      "bin": true
    },
    "zod@4.4.3": {
      "integrity": "sha512-ytENFjIJFl2UwYglde2jchW2Hwm4GJFLDiSXWdTrJQBIN9Fcyp7n4DhxJEiWNAJMV1/BqWfW/kkg71UDcHJyTQ=="
    }
  },
  "workspace": {
    "dependencies": [
      "jsr:@std/assert@1",
      "jsr:@std/async@1",
      "jsr:@std/encoding@1",
      "jsr:@std/fs@1",
      "jsr:@std/io@0.225",
      "jsr:@std/path@1",
      "npm:@ai-sdk/provider@2",
      "npm:ai@5",
      "npm:typescript@5",
      "npm:zod@4"
    ]
  }
}
